# This file is generated by running "yarn install" inside your project.
# Manual changes might be lost - proceed with caution!

__metadata:
  version: 8
  cacheKey: 10c2

"@libsql/darwin-arm64@npm:0.5.0-pre.4":
  version: 0.5.0-pre.4
  resolution: "@libsql/darwin-arm64@npm:0.5.0-pre.4"
  conditions: os=darwin & cpu=arm64
  languageName: node
  linkType: hard

"@libsql/darwin-x64@npm:0.5.0-pre.4":
  version: 0.5.0-pre.4
  resolution: "@libsql/darwin-x64@npm:0.5.0-pre.4"
  conditions: os=darwin & cpu=x64
  languageName: node
  linkType: hard

"@libsql/linux-arm64-gnu@npm:0.5.0-pre.4":
  version: 0.5.0-pre.4
  resolution: "@libsql/linux-arm64-gnu@npm:0.5.0-pre.4"
  conditions: os=linux & cpu=arm64
  languageName: node
  linkType: hard

"@libsql/linux-arm64-musl@npm:0.5.0-pre.4":
  version: 0.5.0-pre.4
  resolution: "@libsql/linux-arm64-musl@npm:0.5.0-pre.4"
  conditions: os=linux & cpu=arm64
  languageName: node
  linkType: hard

"@libsql/linux-x64-gnu@npm:0.5.0-pre.4":
  version: 0.5.0-pre.4
  resolution: "@libsql/linux-x64-gnu@npm:0.5.0-pre.4"
  conditions: os=linux & cpu=x64
  languageName: node
  linkType: hard

"@libsql/linux-x64-musl@npm:0.5.0-pre.4":
  version: 0.5.0-pre.4
  resolution: "@libsql/linux-x64-musl@npm:0.5.0-pre.4"
  conditions: os=linux & cpu=x64
  languageName: node
  linkType: hard

"@libsql/win32-x64-msvc@npm:0.5.0-pre.4":
  version: 0.5.0-pre.4
  resolution: "@libsql/win32-x64-msvc@npm:0.5.0-pre.4"
  conditions: os=win32 & cpu=x64
  languageName: node
  linkType: hard

"@neon-rs/load@npm:^0.0.4":
  version: 0.0.4
  resolution: "@neon-rs/load@npm:0.0.4"
  checksum: 10c2/19c2d817fe8f7f3e4d3c834b579d120293bfd135cc8a6ef9002dd70996a0cd020e9958bfec94d651fd4cd80df0c16a7b0953315ff34a865be0823253c9af5a1b
  languageName: node
  linkType: hard

"detect-libc@npm:2.0.2":
  version: 2.0.2
  resolution: "detect-libc@npm:2.0.2"
  checksum: 10c2/1cb491b05cc38696f6ab34a10199b4c937722bf88170ca3ac018a294cceeeacea967eb7de4beaa2f27d8548f528d4722cc9396749352a22b08c71d3adcaf88a8
  languageName: node
  linkType: hard

"libsql@npm:^0.5.0-pre.3":
  version: 0.5.0-pre.4
  resolution: "libsql@npm:0.5.0-pre.4"
  dependencies:
    "@libsql/darwin-arm64": "npm:0.5.0-pre.4"
    "@libsql/darwin-x64": "npm:0.5.0-pre.4"
    "@libsql/linux-arm64-gnu": "npm:0.5.0-pre.4"
    "@libsql/linux-arm64-musl": "npm:0.5.0-pre.4"
    "@libsql/linux-x64-gnu": "npm:0.5.0-pre.4"
    "@libsql/linux-x64-musl": "npm:0.5.0-pre.4"
    "@libsql/win32-x64-msvc": "npm:0.5.0-pre.4"
    "@neon-rs/load": "npm:^0.0.4"
    detect-libc: "npm:2.0.2"
  dependenciesMeta:
    "@libsql/darwin-arm64":
      optional: true
    "@libsql/darwin-x64":
      optional: true
    "@libsql/linux-arm64-gnu":
      optional: true
    "@libsql/linux-arm64-musl":
      optional: true
    "@libsql/linux-x64-gnu":
      optional: true
    "@libsql/linux-x64-musl":
      optional: true
    "@libsql/win32-x64-msvc":
      optional: true
  checksum: 10c2/51be70a7bbe43a6da903af2bb6a91341de880ee2ef687e879ddff4749fa2d15106633cda48f181809eba0ac53b4c0e65a8906391ea6ad18843373b4b1571e7f7
  conditions: (os=darwin | os=linux | os=win32) & (cpu=x64 | cpu=arm64 | cpu=wasm32)
  languageName: node
  linkType: hard

"sqlite-node-js@workspace:.":
  version: 0.0.0-use.local
  resolution: "sqlite-node-js@workspace:."
  dependencies:
    libsql: "npm:^0.5.0-pre.3"
  languageName: unknown
  linkType: soft
