# This file is generated by running "yarn install" inside your project.
# Manual changes might be lost - proceed with caution!

__metadata:
  version: 8
  cacheKey: 10c2

"@clickhouse/client-common@npm:1.10.0":
  version: 1.10.0
  resolution: "@clickhouse/client-common@npm:1.10.0"
  checksum: 10c2/9361c4bf81e5d9f5fc65ee20d3fee37a5d55427c9255f116806612186ef691f8e77f98a1a7b8498fe4e5692fc9fa31b6d2c7daf16d9dedeec222d606dffa30d8
  languageName: node
  linkType: hard

"@clickhouse/client@npm:^1.10.0":
  version: 1.10.0
  resolution: "@clickhouse/client@npm:1.10.0"
  dependencies:
    "@clickhouse/client-common": "npm:1.10.0"
  checksum: 10c2/bb005739740bbadd2119029c23a89875a0bfbbb30ed6e4e1597d07e5f47193a30541ef602b5fdeb7af2ee1d7b86c2c303631eeecf5a01aa9c015f8784e785921
  languageName: node
  linkType: hard

"clickhouse-node-js@workspace:.":
  version: 0.0.0-use.local
  resolution: "clickhouse-node-js@workspace:."
  dependencies:
    "@clickhouse/client": "npm:^1.10.0"
  languageName: unknown
  linkType: soft
