# This file is generated by running "yarn install" inside your project.
# Manual changes might be lost - proceed with caution!

__metadata:
  version: 8
  cacheKey: 10c2

"@duckdb/node-api@npm:^1.1.3-alpha.6":
  version: 1.1.3-alpha.6
  resolution: "@duckdb/node-api@npm:1.1.3-alpha.6"
  dependencies:
    "@duckdb/node-bindings": "npm:1.1.3-alpha.6"
  checksum: 10c2/856379ec404cbeb4c1dd0140741a81f5aa2b5be945798691e15d913f8d2bb1a34fb539eb6381a5c272688465370c736bac7c74d865544ba555f818d215b35b12
  languageName: node
  linkType: hard

"@duckdb/node-bindings-darwin-arm64@npm:1.1.3-alpha.6":
  version: 1.1.3-alpha.6
  resolution: "@duckdb/node-bindings-darwin-arm64@npm:1.1.3-alpha.6"
  conditions: os=darwin & cpu=arm64
  languageName: node
  linkType: hard

"@duckdb/node-bindings-linux-x64@npm:1.1.3-alpha.6":
  version: 1.1.3-alpha.6
  resolution: "@duckdb/node-bindings-linux-x64@npm:1.1.3-alpha.6"
  conditions: os=linux & cpu=x64
  languageName: node
  linkType: hard

"@duckdb/node-bindings-win32-x64@npm:1.1.3-alpha.6":
  version: 1.1.3-alpha.6
  resolution: "@duckdb/node-bindings-win32-x64@npm:1.1.3-alpha.6"
  conditions: os=win32 & cpu=x64
  languageName: node
  linkType: hard

"@duckdb/node-bindings@npm:1.1.3-alpha.6":
  version: 1.1.3-alpha.6
  resolution: "@duckdb/node-bindings@npm:1.1.3-alpha.6"
  dependencies:
    "@duckdb/node-bindings-darwin-arm64": "npm:1.1.3-alpha.6"
    "@duckdb/node-bindings-linux-x64": "npm:1.1.3-alpha.6"
    "@duckdb/node-bindings-win32-x64": "npm:1.1.3-alpha.6"
  dependenciesMeta:
    "@duckdb/node-bindings-darwin-arm64":
      optional: true
    "@duckdb/node-bindings-linux-x64":
      optional: true
    "@duckdb/node-bindings-win32-x64":
      optional: true
  checksum: 10c2/a1fd662eddcc5dc891b4e51d061901535b0baf7f96864eea0a6d5d34b50cef121f989997ef3ce788c767b150424c3158bd1a697617f81b1ba0f898c6df5edf27
  languageName: node
  linkType: hard

"duckdb-node-js@workspace:.":
  version: 0.0.0-use.local
  resolution: "duckdb-node-js@workspace:."
  dependencies:
    "@duckdb/node-api": "npm:^1.1.3-alpha.6"
  languageName: unknown
  linkType: soft
